
Microsoft Visual Studio Solution File, Format Version 12.00
# Visual Studio Version 17
VisualStudioVersion = 17.9.34607.119
MinimumVisualStudioVersion = 10.0.40219.1
Project("{FAE04EC0-301F-11D3-BF4B-00C04F79EFBC}") = "InterfacesAndAbstraction", "InterfacesAndAbstraction\InterfacesAndAbstraction.csproj", "{53665BC2-D678-499A-B32F-31CC49F24E84}"
EndProject
Global
	GlobalSection(SolutionConfigurationPlatforms) = preSolution
		Debug|Any CPU = Debug|Any CPU
		Release|Any CPU = Release|Any CPU
	EndGlobalSection
	GlobalSection(ProjectConfigurationPlatforms) = postSolution
		{53665BC2-D678-499A-B32F-31CC49F24E84}.Debug|Any CPU.ActiveCfg = Debug|Any CPU
		{53665BC2-D678-499A-B32F-31CC49F24E84}.Debug|Any CPU.Build.0 = Debug|Any CPU
		{53665BC2-D678-499A-B32F-31CC49F24E84}.Release|Any CPU.ActiveCfg = Release|Any CPU
		{53665BC2-D678-499A-B32F-31CC49F24E84}.Release|Any CPU.Build.0 = Release|Any CPU
	EndGlobalSection
	GlobalSection(SolutionProperties) = preSolution
		HideSolutionNode = FALSE
	EndGlobalSection
	GlobalSection(ExtensibilityGlobals) = postSolution
		SolutionGuid = {1C4C5BB9-F979-4DDA-84BB-307128DDFE42}
	EndGlobalSection
EndGlobal
