
Microsoft Visual Studio Solution File, Format Version 12.00
# Visual Studio Version 17
VisualStudioVersion = 17.9.34622.214
MinimumVisualStudioVersion = 10.0.40219.1
Project("{9A19103F-16F7-4668-BE54-9A1E7A4F7556}") = "TravelAgency", "TravelAgency\TravelAgency.csproj", "{996A1638-00C3-4127-9AD4-8A31C3ADEE77}"
EndProject
Global
	GlobalSection(SolutionConfigurationPlatforms) = preSolution
		Debug|Any CPU = Debug|Any CPU
		Release|Any CPU = Release|Any CPU
	EndGlobalSection
	GlobalSection(ProjectConfigurationPlatforms) = postSolution
		{996A1638-00C3-4127-9AD4-8A31C3ADEE77}.Debug|Any CPU.ActiveCfg = Debug|Any CPU
		{996A1638-00C3-4127-9AD4-8A31C3ADEE77}.Debug|Any CPU.Build.0 = Debug|Any CPU
		{996A1638-00C3-4127-9AD4-8A31C3ADEE77}.Release|Any CPU.ActiveCfg = Release|Any CPU
		{996A1638-00C3-4127-9AD4-8A31C3ADEE77}.Release|Any CPU.Build.0 = Release|Any CPU
	EndGlobalSection
	GlobalSection(SolutionProperties) = preSolution
		HideSolutionNode = FALSE
	EndGlobalSection
	GlobalSection(ExtensibilityGlobals) = postSolution
		SolutionGuid = {AD227553-40C1-46A5-B071-A133C532C9BF}
	EndGlobalSection
EndGlobal
