
Microsoft Visual Studio Solution File, Format Version 12.00
# Visual Studio Version 17
VisualStudioVersion = 17.9.34622.214
MinimumVisualStudioVersion = 10.0.40219.1
Project("{FAE04EC0-301F-11D3-BF4B-00C04F79EFBC}") = "Logger", "Logger\Logger.csproj", "{1E12C946-1211-4F51-AEF0-465374F7D787}"
EndProject
Global
	GlobalSection(SolutionConfigurationPlatforms) = preSolution
		Debug|Any CPU = Debug|Any CPU
		Release|Any CPU = Release|Any CPU
	EndGlobalSection
	GlobalSection(ProjectConfigurationPlatforms) = postSolution
		{1E12C946-1211-4F51-AEF0-465374F7D787}.Debug|Any CPU.ActiveCfg = Debug|Any CPU
		{1E12C946-1211-4F51-AEF0-465374F7D787}.Debug|Any CPU.Build.0 = Debug|Any CPU
		{1E12C946-1211-4F51-AEF0-465374F7D787}.Release|Any CPU.ActiveCfg = Release|Any CPU
		{1E12C946-1211-4F51-AEF0-465374F7D787}.Release|Any CPU.Build.0 = Release|Any CPU
	EndGlobalSection
	GlobalSection(SolutionProperties) = preSolution
		HideSolutionNode = FALSE
	EndGlobalSection
	GlobalSection(ExtensibilityGlobals) = postSolution
		SolutionGuid = {23F8C6BA-C99F-48A1-85F3-70273D216FE7}
	EndGlobalSection
EndGlobal
