
Microsoft Visual Studio Solution File, Format Version 12.00
Project("{FAE04EC0-301F-11D3-BF4B-00C04F79EFBC}") = "CustomDoublyLinkedList", "CustomDoublyLinkedList\CustomDoublyLinkedList.csproj", "{759DE321-A940-4D43-91F8-0ACD8A848FEB}"
EndProject
Global
	GlobalSection(SolutionConfigurationPlatforms) = preSolution
		Debug|Any CPU = Debug|Any CPU
		Release|Any CPU = Release|Any CPU
	EndGlobalSection
	GlobalSection(ProjectConfigurationPlatforms) = postSolution
		{759DE321-A940-4D43-91F8-0ACD8A848FEB}.Debug|Any CPU.ActiveCfg = Debug|Any CPU
		{759DE321-A940-4D43-91F8-0ACD8A848FEB}.Debug|Any CPU.Build.0 = Debug|Any CPU
		{759DE321-A940-4D43-91F8-0ACD8A848FEB}.Release|Any CPU.ActiveCfg = Release|Any CPU
		{759DE321-A940-4D43-91F8-0ACD8A848FEB}.Release|Any CPU.Build.0 = Release|Any CPU
	EndGlobalSection
EndGlobal
