
Microsoft Visual Studio Solution File, Format Version 12.00
# Visual Studio Version 17
VisualStudioVersion = 17.11.35327.3
MinimumVisualStudioVersion = 10.0.40219.1
Project("{FAE04EC0-301F-11D3-BF4B-00C04F79EFBC}") = "01.SumAdjacentEqualNumbers", "01.SumAdjacentEqualNumbers\01.SumAdjacentEqualNumbers.csproj", "{0C10CE33-20A7-4553-B35A-678C5E6C8BB3}"
EndProject
Project("{FAE04EC0-301F-11D3-BF4B-00C04F79EFBC}") = "03.MergingLists", "03.MergingLists\03.MergingLists.csproj", "{8B015F25-90CD-46A6-ADFA-44C5FF7D8B55}"
EndProject
Project("{FAE04EC0-301F-11D3-BF4B-00C04F79EFBC}") = "01.SumAdjacentEqualNumbersAlternative", "01.SumAdjacentEqualNumbersAlternative\01.SumAdjacentEqualNumbersAlternative.csproj", "{785678B5-EBB1-415E-A520-1E959B78B71E}"
EndProject
Global
	GlobalSection(SolutionConfigurationPlatforms) = preSolution
		Debug|Any CPU = Debug|Any CPU
		Release|Any CPU = Release|Any CPU
	EndGlobalSection
	GlobalSection(ProjectConfigurationPlatforms) = postSolution
		{0C10CE33-20A7-4553-B35A-678C5E6C8BB3}.Debug|Any CPU.ActiveCfg = Debug|Any CPU
		{0C10CE33-20A7-4553-B35A-678C5E6C8BB3}.Debug|Any CPU.Build.0 = Debug|Any CPU
		{0C10CE33-20A7-4553-B35A-678C5E6C8BB3}.Release|Any CPU.ActiveCfg = Release|Any CPU
		{0C10CE33-20A7-4553-B35A-678C5E6C8BB3}.Release|Any CPU.Build.0 = Release|Any CPU
		{8B015F25-90CD-46A6-ADFA-44C5FF7D8B55}.Debug|Any CPU.ActiveCfg = Debug|Any CPU
		{8B015F25-90CD-46A6-ADFA-44C5FF7D8B55}.Debug|Any CPU.Build.0 = Debug|Any CPU
		{8B015F25-90CD-46A6-ADFA-44C5FF7D8B55}.Release|Any CPU.ActiveCfg = Release|Any CPU
		{8B015F25-90CD-46A6-ADFA-44C5FF7D8B55}.Release|Any CPU.Build.0 = Release|Any CPU
		{785678B5-EBB1-415E-A520-1E959B78B71E}.Debug|Any CPU.ActiveCfg = Debug|Any CPU
		{785678B5-EBB1-415E-A520-1E959B78B71E}.Debug|Any CPU.Build.0 = Debug|Any CPU
		{785678B5-EBB1-415E-A520-1E959B78B71E}.Release|Any CPU.ActiveCfg = Release|Any CPU
		{785678B5-EBB1-415E-A520-1E959B78B71E}.Release|Any CPU.Build.0 = Release|Any CPU
	EndGlobalSection
	GlobalSection(SolutionProperties) = preSolution
		HideSolutionNode = FALSE
	EndGlobalSection
	GlobalSection(ExtensibilityGlobals) = postSolution
		SolutionGuid = {42B0D13D-F697-41EE-8752-78565911FE50}
	EndGlobalSection
EndGlobal
