
Microsoft Visual Studio Solution File, Format Version 12.00
# Visual Studio Version 17
VisualStudioVersion = 17.9.34622.214
MinimumVisualStudioVersion = 10.0.40219.1
Project("{9A19103F-16F7-4668-BE54-9A1E7A4F7556}") = "HighwayToPeak", "HighwayToPeak\HighwayToPeak.csproj", "{125CF1C9-6940-4E5A-87DC-BAD09A21F61F}"
EndProject
Project("{9A19103F-16F7-4668-BE54-9A1E7A4F7556}") = "NauticalCatchChallenge", "NauticalCatchChallenge\NauticalCatchChallenge.csproj", "{56F723EF-787A-40B2-B403-B41EED1F2BCD}"
EndProject
Project("{9A19103F-16F7-4668-BE54-9A1E7A4F7556}") = "NauticalCatchChallenge_BusinessLogic", "NauticalCatchChallenge_BusinessLogic\NauticalCatchChallenge_BusinessLogic.csproj", "{B0790D90-7828-478D-A035-5B984C61630D}"
EndProject
Project("{9A19103F-16F7-4668-BE54-9A1E7A4F7556}") = "Railway", "Railway\Railway.csproj", "{52D4383F-AA34-4F8C-AC20-6DE0C2BD6EF1}"
EndProject
Project("{9A19103F-16F7-4668-BE54-9A1E7A4F7556}") = "Railway.Tests", "Railway.Tests\Railway.Tests.csproj", "{E70D617B-66A5-49C5-A9A3-8556DB5D5FC3}"
EndProject
Project("{2150E333-8FDC-42A3-9474-1A3956D46DE8}") = "UnitTests", "UnitTests", "{F6FAEA02-E8D1-4CB1-AE33-F1BE7686C245}"
EndProject
Project("{9A19103F-16F7-4668-BE54-9A1E7A4F7556}") = "Television", "Television\Television.csproj", "{C7B0089F-48E2-468A-85FE-4B7F9C2EF48C}"
EndProject
Project("{9A19103F-16F7-4668-BE54-9A1E7A4F7556}") = "Television.Tests", "Television.Tests\Television.Tests.csproj", "{9F68197E-0422-453C-A7E4-5AD6C3D84910}"
EndProject
Project("{9A19103F-16F7-4668-BE54-9A1E7A4F7556}") = "Handball", "Handball\Handball.csproj", "{64277120-8A31-486F-9A56-D6F2D73D89CE}"
EndProject
Project("{9A19103F-16F7-4668-BE54-9A1E7A4F7556}") = "Handball_BusinessLogic", "Handball_BusinessLogic\Handball_BusinessLogic.csproj", "{28FC3847-1D88-4268-BB79-065A1FDBFD70}"
EndProject
Project("{9A19103F-16F7-4668-BE54-9A1E7A4F7556}") = "SmartDevice", "SmartDevice\SmartDevice.csproj", "{39193D0D-E298-49E8-90CB-123CC5715327}"
EndProject
Project("{9A19103F-16F7-4668-BE54-9A1E7A4F7556}") = "SmartDevice.Tests", "SmartDevice.Tests\SmartDevice.Tests.csproj", "{E89B32F3-46BB-43CE-9243-1AF87590C8B9}"
EndProject
Project("{9A19103F-16F7-4668-BE54-9A1E7A4F7556}") = "BankLoan", "BankLoan\BankLoan.csproj", "{94A89F56-0DFD-4FE5-8CCE-6EA2BFB1AD6F}"
EndProject
Project("{9A19103F-16F7-4668-BE54-9A1E7A4F7556}") = "VendingRetail", "VendingRetail\VendingRetail.csproj", "{88761F17-3D02-417B-9C86-1D82C91F37F4}"
EndProject
Project("{9A19103F-16F7-4668-BE54-9A1E7A4F7556}") = "VendingRetail.Tests", "VendingRetail.Tests\VendingRetail.Tests.csproj", "{E1E60A02-A0D2-47A3-AE1E-C827AB82037E}"
EndProject
Project("{FAE04EC0-301F-11D3-BF4B-00C04F79EFBC}") = "BankLoan_BusinessLogic", "BankLoan_BusinessLogic\BankLoan_BusinessLogic.csproj", "{A9AF7D35-588F-4103-9DF2-FDDD14C8013C}"
EndProject
Global
	GlobalSection(SolutionConfigurationPlatforms) = preSolution
		Debug|Any CPU = Debug|Any CPU
		Release|Any CPU = Release|Any CPU
	EndGlobalSection
	GlobalSection(ProjectConfigurationPlatforms) = postSolution
		{125CF1C9-6940-4E5A-87DC-BAD09A21F61F}.Debug|Any CPU.ActiveCfg = Debug|Any CPU
		{125CF1C9-6940-4E5A-87DC-BAD09A21F61F}.Debug|Any CPU.Build.0 = Debug|Any CPU
		{125CF1C9-6940-4E5A-87DC-BAD09A21F61F}.Release|Any CPU.ActiveCfg = Release|Any CPU
		{125CF1C9-6940-4E5A-87DC-BAD09A21F61F}.Release|Any CPU.Build.0 = Release|Any CPU
		{56F723EF-787A-40B2-B403-B41EED1F2BCD}.Debug|Any CPU.ActiveCfg = Debug|Any CPU
		{56F723EF-787A-40B2-B403-B41EED1F2BCD}.Debug|Any CPU.Build.0 = Debug|Any CPU
		{56F723EF-787A-40B2-B403-B41EED1F2BCD}.Release|Any CPU.ActiveCfg = Release|Any CPU
		{56F723EF-787A-40B2-B403-B41EED1F2BCD}.Release|Any CPU.Build.0 = Release|Any CPU
		{B0790D90-7828-478D-A035-5B984C61630D}.Debug|Any CPU.ActiveCfg = Debug|Any CPU
		{B0790D90-7828-478D-A035-5B984C61630D}.Debug|Any CPU.Build.0 = Debug|Any CPU
		{B0790D90-7828-478D-A035-5B984C61630D}.Release|Any CPU.ActiveCfg = Release|Any CPU
		{B0790D90-7828-478D-A035-5B984C61630D}.Release|Any CPU.Build.0 = Release|Any CPU
		{52D4383F-AA34-4F8C-AC20-6DE0C2BD6EF1}.Debug|Any CPU.ActiveCfg = Debug|Any CPU
		{52D4383F-AA34-4F8C-AC20-6DE0C2BD6EF1}.Debug|Any CPU.Build.0 = Debug|Any CPU
		{52D4383F-AA34-4F8C-AC20-6DE0C2BD6EF1}.Release|Any CPU.ActiveCfg = Release|Any CPU
		{52D4383F-AA34-4F8C-AC20-6DE0C2BD6EF1}.Release|Any CPU.Build.0 = Release|Any CPU
		{E70D617B-66A5-49C5-A9A3-8556DB5D5FC3}.Debug|Any CPU.ActiveCfg = Debug|Any CPU
		{E70D617B-66A5-49C5-A9A3-8556DB5D5FC3}.Debug|Any CPU.Build.0 = Debug|Any CPU
		{E70D617B-66A5-49C5-A9A3-8556DB5D5FC3}.Release|Any CPU.ActiveCfg = Release|Any CPU
		{E70D617B-66A5-49C5-A9A3-8556DB5D5FC3}.Release|Any CPU.Build.0 = Release|Any CPU
		{C7B0089F-48E2-468A-85FE-4B7F9C2EF48C}.Debug|Any CPU.ActiveCfg = Debug|Any CPU
		{C7B0089F-48E2-468A-85FE-4B7F9C2EF48C}.Debug|Any CPU.Build.0 = Debug|Any CPU
		{C7B0089F-48E2-468A-85FE-4B7F9C2EF48C}.Release|Any CPU.ActiveCfg = Release|Any CPU
		{C7B0089F-48E2-468A-85FE-4B7F9C2EF48C}.Release|Any CPU.Build.0 = Release|Any CPU
		{9F68197E-0422-453C-A7E4-5AD6C3D84910}.Debug|Any CPU.ActiveCfg = Debug|Any CPU
		{9F68197E-0422-453C-A7E4-5AD6C3D84910}.Debug|Any CPU.Build.0 = Debug|Any CPU
		{9F68197E-0422-453C-A7E4-5AD6C3D84910}.Release|Any CPU.ActiveCfg = Release|Any CPU
		{9F68197E-0422-453C-A7E4-5AD6C3D84910}.Release|Any CPU.Build.0 = Release|Any CPU
		{64277120-8A31-486F-9A56-D6F2D73D89CE}.Debug|Any CPU.ActiveCfg = Debug|Any CPU
		{64277120-8A31-486F-9A56-D6F2D73D89CE}.Debug|Any CPU.Build.0 = Debug|Any CPU
		{64277120-8A31-486F-9A56-D6F2D73D89CE}.Release|Any CPU.ActiveCfg = Release|Any CPU
		{64277120-8A31-486F-9A56-D6F2D73D89CE}.Release|Any CPU.Build.0 = Release|Any CPU
		{28FC3847-1D88-4268-BB79-065A1FDBFD70}.Debug|Any CPU.ActiveCfg = Debug|Any CPU
		{28FC3847-1D88-4268-BB79-065A1FDBFD70}.Debug|Any CPU.Build.0 = Debug|Any CPU
		{28FC3847-1D88-4268-BB79-065A1FDBFD70}.Release|Any CPU.ActiveCfg = Release|Any CPU
		{28FC3847-1D88-4268-BB79-065A1FDBFD70}.Release|Any CPU.Build.0 = Release|Any CPU
		{39193D0D-E298-49E8-90CB-123CC5715327}.Debug|Any CPU.ActiveCfg = Debug|Any CPU
		{39193D0D-E298-49E8-90CB-123CC5715327}.Debug|Any CPU.Build.0 = Debug|Any CPU
		{39193D0D-E298-49E8-90CB-123CC5715327}.Release|Any CPU.ActiveCfg = Release|Any CPU
		{39193D0D-E298-49E8-90CB-123CC5715327}.Release|Any CPU.Build.0 = Release|Any CPU
		{E89B32F3-46BB-43CE-9243-1AF87590C8B9}.Debug|Any CPU.ActiveCfg = Debug|Any CPU
		{E89B32F3-46BB-43CE-9243-1AF87590C8B9}.Debug|Any CPU.Build.0 = Debug|Any CPU
		{E89B32F3-46BB-43CE-9243-1AF87590C8B9}.Release|Any CPU.ActiveCfg = Release|Any CPU
		{E89B32F3-46BB-43CE-9243-1AF87590C8B9}.Release|Any CPU.Build.0 = Release|Any CPU
		{94A89F56-0DFD-4FE5-8CCE-6EA2BFB1AD6F}.Debug|Any CPU.ActiveCfg = Debug|Any CPU
		{94A89F56-0DFD-4FE5-8CCE-6EA2BFB1AD6F}.Debug|Any CPU.Build.0 = Debug|Any CPU
		{94A89F56-0DFD-4FE5-8CCE-6EA2BFB1AD6F}.Release|Any CPU.ActiveCfg = Release|Any CPU
		{94A89F56-0DFD-4FE5-8CCE-6EA2BFB1AD6F}.Release|Any CPU.Build.0 = Release|Any CPU
		{88761F17-3D02-417B-9C86-1D82C91F37F4}.Debug|Any CPU.ActiveCfg = Debug|Any CPU
		{88761F17-3D02-417B-9C86-1D82C91F37F4}.Debug|Any CPU.Build.0 = Debug|Any CPU
		{88761F17-3D02-417B-9C86-1D82C91F37F4}.Release|Any CPU.ActiveCfg = Release|Any CPU
		{88761F17-3D02-417B-9C86-1D82C91F37F4}.Release|Any CPU.Build.0 = Release|Any CPU
		{E1E60A02-A0D2-47A3-AE1E-C827AB82037E}.Debug|Any CPU.ActiveCfg = Debug|Any CPU
		{E1E60A02-A0D2-47A3-AE1E-C827AB82037E}.Debug|Any CPU.Build.0 = Debug|Any CPU
		{E1E60A02-A0D2-47A3-AE1E-C827AB82037E}.Release|Any CPU.ActiveCfg = Release|Any CPU
		{E1E60A02-A0D2-47A3-AE1E-C827AB82037E}.Release|Any CPU.Build.0 = Release|Any CPU
		{A9AF7D35-588F-4103-9DF2-FDDD14C8013C}.Debug|Any CPU.ActiveCfg = Debug|Any CPU
		{A9AF7D35-588F-4103-9DF2-FDDD14C8013C}.Debug|Any CPU.Build.0 = Debug|Any CPU
		{A9AF7D35-588F-4103-9DF2-FDDD14C8013C}.Release|Any CPU.ActiveCfg = Release|Any CPU
		{A9AF7D35-588F-4103-9DF2-FDDD14C8013C}.Release|Any CPU.Build.0 = Release|Any CPU
	EndGlobalSection
	GlobalSection(SolutionProperties) = preSolution
		HideSolutionNode = FALSE
	EndGlobalSection
	GlobalSection(NestedProjects) = preSolution
		{52D4383F-AA34-4F8C-AC20-6DE0C2BD6EF1} = {F6FAEA02-E8D1-4CB1-AE33-F1BE7686C245}
		{E70D617B-66A5-49C5-A9A3-8556DB5D5FC3} = {F6FAEA02-E8D1-4CB1-AE33-F1BE7686C245}
		{C7B0089F-48E2-468A-85FE-4B7F9C2EF48C} = {F6FAEA02-E8D1-4CB1-AE33-F1BE7686C245}
		{9F68197E-0422-453C-A7E4-5AD6C3D84910} = {F6FAEA02-E8D1-4CB1-AE33-F1BE7686C245}
		{39193D0D-E298-49E8-90CB-123CC5715327} = {F6FAEA02-E8D1-4CB1-AE33-F1BE7686C245}
		{E89B32F3-46BB-43CE-9243-1AF87590C8B9} = {F6FAEA02-E8D1-4CB1-AE33-F1BE7686C245}
		{88761F17-3D02-417B-9C86-1D82C91F37F4} = {F6FAEA02-E8D1-4CB1-AE33-F1BE7686C245}
		{E1E60A02-A0D2-47A3-AE1E-C827AB82037E} = {F6FAEA02-E8D1-4CB1-AE33-F1BE7686C245}
	EndGlobalSection
	GlobalSection(ExtensibilityGlobals) = postSolution
		SolutionGuid = {05437DF1-F716-4A92-8094-B8F9DA5CEDD9}
	EndGlobalSection
EndGlobal
