
Microsoft Visual Studio Solution File, Format Version 12.00
# Visual Studio Version 17
VisualStudioVersion = 17.9.34622.214
MinimumVisualStudioVersion = 10.0.40219.1
Project("{9A19103F-16F7-4668-BE54-9A1E7A4F7556}") = "Invoices", "Invoices\Invoices.csproj", "{08FB7D9B-10E8-416F-ADCC-3E4D58C0E204}"
EndProject
Project("{9A19103F-16F7-4668-BE54-9A1E7A4F7556}") = "Boardgames", "Boardgames\Boardgames.csproj", "{F6A1C681-A194-4A6D-A92F-0C23BDBBE234}"
EndProject
Project("{9A19103F-16F7-4668-BE54-9A1E7A4F7556}") = "JSON_XML_Extensions", "JSON_XML_Extensions\JSON_XML_Extensions.csproj", "{08B688EE-6607-4C96-9DAF-78D11C5EF7E7}"
EndProject
Project("{9A19103F-16F7-4668-BE54-9A1E7A4F7556}") = "Cadastre", "Cadastre\Cadastre.csproj", "{A56DDBB8-B93C-41FB-8681-ABB9E54C6E7F}"
EndProject
Project("{9A19103F-16F7-4668-BE54-9A1E7A4F7556}") = "Medicines", "Medicines\Medicines.csproj", "{A49EAF43-A9B7-4197-A768-EDCCBB18F402}"
EndProject
Project("{9A19103F-16F7-4668-BE54-9A1E7A4F7556}") = "Trucks", "Trucks\Trucks.csproj", "{9BE8F849-04B6-4CD6-AA2C-87EF8BE75719}"
EndProject
Global
	GlobalSection(SolutionConfigurationPlatforms) = preSolution
		Debug|Any CPU = Debug|Any CPU
		Release|Any CPU = Release|Any CPU
	EndGlobalSection
	GlobalSection(ProjectConfigurationPlatforms) = postSolution
		{08FB7D9B-10E8-416F-ADCC-3E4D58C0E204}.Debug|Any CPU.ActiveCfg = Debug|Any CPU
		{08FB7D9B-10E8-416F-ADCC-3E4D58C0E204}.Debug|Any CPU.Build.0 = Debug|Any CPU
		{08FB7D9B-10E8-416F-ADCC-3E4D58C0E204}.Release|Any CPU.ActiveCfg = Release|Any CPU
		{08FB7D9B-10E8-416F-ADCC-3E4D58C0E204}.Release|Any CPU.Build.0 = Release|Any CPU
		{F6A1C681-A194-4A6D-A92F-0C23BDBBE234}.Debug|Any CPU.ActiveCfg = Debug|Any CPU
		{F6A1C681-A194-4A6D-A92F-0C23BDBBE234}.Debug|Any CPU.Build.0 = Debug|Any CPU
		{F6A1C681-A194-4A6D-A92F-0C23BDBBE234}.Release|Any CPU.ActiveCfg = Release|Any CPU
		{F6A1C681-A194-4A6D-A92F-0C23BDBBE234}.Release|Any CPU.Build.0 = Release|Any CPU
		{08B688EE-6607-4C96-9DAF-78D11C5EF7E7}.Debug|Any CPU.ActiveCfg = Debug|Any CPU
		{08B688EE-6607-4C96-9DAF-78D11C5EF7E7}.Debug|Any CPU.Build.0 = Debug|Any CPU
		{08B688EE-6607-4C96-9DAF-78D11C5EF7E7}.Release|Any CPU.ActiveCfg = Release|Any CPU
		{08B688EE-6607-4C96-9DAF-78D11C5EF7E7}.Release|Any CPU.Build.0 = Release|Any CPU
		{A56DDBB8-B93C-41FB-8681-ABB9E54C6E7F}.Debug|Any CPU.ActiveCfg = Debug|Any CPU
		{A56DDBB8-B93C-41FB-8681-ABB9E54C6E7F}.Debug|Any CPU.Build.0 = Debug|Any CPU
		{A56DDBB8-B93C-41FB-8681-ABB9E54C6E7F}.Release|Any CPU.ActiveCfg = Release|Any CPU
		{A56DDBB8-B93C-41FB-8681-ABB9E54C6E7F}.Release|Any CPU.Build.0 = Release|Any CPU
		{A49EAF43-A9B7-4197-A768-EDCCBB18F402}.Debug|Any CPU.ActiveCfg = Debug|Any CPU
		{A49EAF43-A9B7-4197-A768-EDCCBB18F402}.Debug|Any CPU.Build.0 = Debug|Any CPU
		{A49EAF43-A9B7-4197-A768-EDCCBB18F402}.Release|Any CPU.ActiveCfg = Release|Any CPU
		{A49EAF43-A9B7-4197-A768-EDCCBB18F402}.Release|Any CPU.Build.0 = Release|Any CPU
		{9BE8F849-04B6-4CD6-AA2C-87EF8BE75719}.Debug|Any CPU.ActiveCfg = Debug|Any CPU
		{9BE8F849-04B6-4CD6-AA2C-87EF8BE75719}.Debug|Any CPU.Build.0 = Debug|Any CPU
		{9BE8F849-04B6-4CD6-AA2C-87EF8BE75719}.Release|Any CPU.ActiveCfg = Release|Any CPU
		{9BE8F849-04B6-4CD6-AA2C-87EF8BE75719}.Release|Any CPU.Build.0 = Release|Any CPU
	EndGlobalSection
	GlobalSection(SolutionProperties) = preSolution
		HideSolutionNode = FALSE
	EndGlobalSection
EndGlobal
