
Microsoft Visual Studio Solution File, Format Version 12.00
# Visual Studio Version 17
VisualStudioVersion = 17.9.34622.214
MinimumVisualStudioVersion = 10.0.40219.1
Project("{9A19103F-16F7-4668-BE54-9A1E7A4F7556}") = "ProductShop", "ProductShop\ProductShop.csproj", "{946916FE-51D1-4C24-9244-050CC617F828}"
EndProject
Project("{9A19103F-16F7-4668-BE54-9A1E7A4F7556}") = "CarDealer", "CarDealer\CarDealer.csproj", "{3723A8B0-304D-4753-9A9C-F2B7F93035D0}"
EndProject
Global
	GlobalSection(SolutionConfigurationPlatforms) = preSolution
		Debug|Any CPU = Debug|Any CPU
		Release|Any CPU = Release|Any CPU
	EndGlobalSection
	GlobalSection(ProjectConfigurationPlatforms) = postSolution
		{946916FE-51D1-4C24-9244-050CC617F828}.Debug|Any CPU.ActiveCfg = Debug|Any CPU
		{946916FE-51D1-4C24-9244-050CC617F828}.Debug|Any CPU.Build.0 = Debug|Any CPU
		{946916FE-51D1-4C24-9244-050CC617F828}.Release|Any CPU.ActiveCfg = Release|Any CPU
		{946916FE-51D1-4C24-9244-050CC617F828}.Release|Any CPU.Build.0 = Release|Any CPU
		{3723A8B0-304D-4753-9A9C-F2B7F93035D0}.Debug|Any CPU.ActiveCfg = Debug|Any CPU
		{3723A8B0-304D-4753-9A9C-F2B7F93035D0}.Debug|Any CPU.Build.0 = Debug|Any CPU
		{3723A8B0-304D-4753-9A9C-F2B7F93035D0}.Release|Any CPU.ActiveCfg = Release|Any CPU
		{3723A8B0-304D-4753-9A9C-F2B7F93035D0}.Release|Any CPU.Build.0 = Release|Any CPU
	EndGlobalSection
	GlobalSection(SolutionProperties) = preSolution
		HideSolutionNode = FALSE
	EndGlobalSection
	GlobalSection(ExtensibilityGlobals) = postSolution
		SolutionGuid = {88FB8A5F-5BBF-4869-B5A3-EFE39327D852}
	EndGlobalSection
EndGlobal
