
Microsoft Visual Studio Solution File, Format Version 12.00
# Visual Studio Version 17
VisualStudioVersion = 17.9.34622.214
MinimumVisualStudioVersion = 10.0.40219.1
Project("{FAE04EC0-301F-11D3-BF4B-00C04F79EFBC}") = "MicrosoftDependencyInjection", "MicrosoftDependencyInjection\MicrosoftDependencyInjection.csproj", "{D303288A-073D-4387-877A-6247F765D344}"
EndProject
Global
	GlobalSection(SolutionConfigurationPlatforms) = preSolution
		Debug|Any CPU = Debug|Any CPU
		Release|Any CPU = Release|Any CPU
	EndGlobalSection
	GlobalSection(ProjectConfigurationPlatforms) = postSolution
		{D303288A-073D-4387-877A-6247F765D344}.Debug|Any CPU.ActiveCfg = Debug|Any CPU
		{D303288A-073D-4387-877A-6247F765D344}.Debug|Any CPU.Build.0 = Debug|Any CPU
		{D303288A-073D-4387-877A-6247F765D344}.Release|Any CPU.ActiveCfg = Release|Any CPU
		{D303288A-073D-4387-877A-6247F765D344}.Release|Any CPU.Build.0 = Release|Any CPU
	EndGlobalSection
	GlobalSection(SolutionProperties) = preSolution
		HideSolutionNode = FALSE
	EndGlobalSection
	GlobalSection(ExtensibilityGlobals) = postSolution
		SolutionGuid = {3882878F-3E84-4F0C-A65B-E141617FF40C}
	EndGlobalSection
EndGlobal
